// !$*UTF8*$!
{
	archiveVersion = 1;
	classes = {
	};
	objectVersion = 77;
	objects = {

/* Begin PBXBuildFile section */
		2DECDD147BE6BBD1A214EF3B /* Pods_DevDemoApp_DevDemoAppUITests.framework in Frameworks */ = {isa = PBXBuildFile; fileRef = 7E775A5641A0C9133D349D42 /* Pods_DevDemoApp_DevDemoAppUITests.framework */; };
		3F1959DB8E5FAB0B5E44CA6E /* Pods_DevDemoApp.framework in Frameworks */ = {isa = PBXBuildFile; fileRef = 4691D62E9C9FE62EE08FFDD4 /* Pods_DevDemoApp.framework */; };
		E4DA38E99C5B201B585CFA84 /* Pods_DevDemoAppTests.framework in Frameworks */ = {isa = PBXBuildFile; fileRef = 503D0C80DD8C653FE81C50FA /* Pods_DevDemoAppTests.framework */; };
/* End PBXBuildFile section */

/* Begin PBXContainerItemProxy section */
		A54BF1A12E495463000ED7A4 /* PBXContainerItemProxy */ = {
			isa = PBXContainerItemProxy;
			containerPortal = A54BF1822E495460000ED7A4 /* Project object */;
			proxyType = 1;
			remoteGlobalIDString = A54BF1892E495460000ED7A4;
			remoteInfo = DevDemoApp;
		};
		A54BF1AB2E495463000ED7A4 /* PBXContainerItemProxy */ = {
			isa = PBXContainerItemProxy;
			containerPortal = A54BF1822E495460000ED7A4 /* Project object */;
			proxyType = 1;
			remoteGlobalIDString = A54BF1892E495460000ED7A4;
			remoteInfo = DevDemoApp;
		};
/* End PBXContainerItemProxy section */

/* Begin PBXFileReference section */
		15E888A6F1D074BB7925C701 /* Pods-DevDemoApp.debug.xcconfig */ = {isa = PBXFileReference; includeInIndex = 1; lastKnownFileType = text.xcconfig; name = "Pods-DevDemoApp.debug.xcconfig"; path = "Target Support Files/Pods-DevDemoApp/Pods-DevDemoApp.debug.xcconfig"; sourceTree = "<group>"; };
		4691D62E9C9FE62EE08FFDD4 /* Pods_DevDemoApp.framework */ = {isa = PBXFileReference; explicitFileType = wrapper.framework; includeInIndex = 0; path = Pods_DevDemoApp.framework; sourceTree = BUILT_PRODUCTS_DIR; };
		503D0C80DD8C653FE81C50FA /* Pods_DevDemoAppTests.framework */ = {isa = PBXFileReference; explicitFileType = wrapper.framework; includeInIndex = 0; path = Pods_DevDemoAppTests.framework; sourceTree = BUILT_PRODUCTS_DIR; };
		6102DCBEA943586DC77E154E /* Pods-DevDemoApp-DevDemoAppUITests.debug.xcconfig */ = {isa = PBXFileReference; includeInIndex = 1; lastKnownFileType = text.xcconfig; name = "Pods-DevDemoApp-DevDemoAppUITests.debug.xcconfig"; path = "Target Support Files/Pods-DevDemoApp-DevDemoAppUITests/Pods-DevDemoApp-DevDemoAppUITests.debug.xcconfig"; sourceTree = "<group>"; };
		7780E7936959D245DF5B0D82 /* Pods-DevDemoAppTests.release.xcconfig */ = {isa = PBXFileReference; includeInIndex = 1; lastKnownFileType = text.xcconfig; name = "Pods-DevDemoAppTests.release.xcconfig"; path = "Target Support Files/Pods-DevDemoAppTests/Pods-DevDemoAppTests.release.xcconfig"; sourceTree = "<group>"; };
		7B141DBD41B46C3C0095584C /* Pods-DevDemoAppTests.debug.xcconfig */ = {isa = PBXFileReference; includeInIndex = 1; lastKnownFileType = text.xcconfig; name = "Pods-DevDemoAppTests.debug.xcconfig"; path = "Target Support Files/Pods-DevDemoAppTests/Pods-DevDemoAppTests.debug.xcconfig"; sourceTree = "<group>"; };
		7E775A5641A0C9133D349D42 /* Pods_DevDemoApp_DevDemoAppUITests.framework */ = {isa = PBXFileReference; explicitFileType = wrapper.framework; includeInIndex = 0; path = Pods_DevDemoApp_DevDemoAppUITests.framework; sourceTree = BUILT_PRODUCTS_DIR; };
		A54BF18A2E495461000ED7A4 /* DevDemoApp.app */ = {isa = PBXFileReference; explicitFileType = wrapper.application; includeInIndex = 0; path = DevDemoApp.app; sourceTree = BUILT_PRODUCTS_DIR; };
		A54BF1A02E495463000ED7A4 /* DevDemoAppTests.xctest */ = {isa = PBXFileReference; explicitFileType = wrapper.cfbundle; includeInIndex = 0; path = DevDemoAppTests.xctest; sourceTree = BUILT_PRODUCTS_DIR; };
		A54BF1AA2E495463000ED7A4 /* DevDemoAppUITests.xctest */ = {isa = PBXFileReference; explicitFileType = wrapper.cfbundle; includeInIndex = 0; path = DevDemoAppUITests.xctest; sourceTree = BUILT_PRODUCTS_DIR; };
		E927E0D88FAF87772BF8D280 /* Pods-DevDemoApp.release.xcconfig */ = {isa = PBXFileReference; includeInIndex = 1; lastKnownFileType = text.xcconfig; name = "Pods-DevDemoApp.release.xcconfig"; path = "Target Support Files/Pods-DevDemoApp/Pods-DevDemoApp.release.xcconfig"; sourceTree = "<group>"; };
		F985AC363D1D139810426C00 /* Pods-DevDemoApp-DevDemoAppUITests.release.xcconfig */ = {isa = PBXFileReference; includeInIndex = 1; lastKnownFileType = text.xcconfig; name = "Pods-DevDemoApp-DevDemoAppUITests.release.xcconfig"; path = "Target Support Files/Pods-DevDemoApp-DevDemoAppUITests/Pods-DevDemoApp-DevDemoAppUITests.release.xcconfig"; sourceTree = "<group>"; };
/* End PBXFileReference section */

/* Begin PBXFileSystemSynchronizedBuildFileExceptionSet section */
		A54BF1B22E495463000ED7A4 /* Exceptions for "DevDemoApp" folder in "DevDemoApp" target */ = {
			isa = PBXFileSystemSynchronizedBuildFileExceptionSet;
			membershipExceptions = (
				Info.plist,
			);
			target = A54BF1892E495460000ED7A4 /* DevDemoApp */;
		};
/* End PBXFileSystemSynchronizedBuildFileExceptionSet section */

/* Begin PBXFileSystemSynchronizedRootGroup section */
		A54BF18C2E495461000ED7A4 /* DevDemoApp */ = {
			isa = PBXFileSystemSynchronizedRootGroup;
			exceptions = (
				A54BF1B22E495463000ED7A4 /* Exceptions for "DevDemoApp" folder in "DevDemoApp" target */,
			);
			path = DevDemoApp;
			sourceTree = "<group>";
		};
		A54BF1A32E495463000ED7A4 /* DevDemoAppTests */ = {
			isa = PBXFileSystemSynchronizedRootGroup;
			path = DevDemoAppTests;
			sourceTree = "<group>";
		};
		A54BF1AD2E495463000ED7A4 /* DevDemoAppUITests */ = {
			isa = PBXFileSystemSynchronizedRootGroup;
			path = DevDemoAppUITests;
			sourceTree = "<group>";
		};
/* End PBXFileSystemSynchronizedRootGroup section */

/* Begin PBXFrameworksBuildPhase section */
		A54BF1872E495460000ED7A4 /* Frameworks */ = {
			isa = PBXFrameworksBuildPhase;
			buildActionMask = 2147483647;
			files = (
				3F1959DB8E5FAB0B5E44CA6E /* Pods_DevDemoApp.framework in Frameworks */,
			);
			runOnlyForDeploymentPostprocessing = 0;
		};
		A54BF19D2E495463000ED7A4 /* Frameworks */ = {
			isa = PBXFrameworksBuildPhase;
			buildActionMask = 2147483647;
			files = (
				E4DA38E99C5B201B585CFA84 /* Pods_DevDemoAppTests.framework in Frameworks */,
			);
			runOnlyForDeploymentPostprocessing = 0;
		};
		A54BF1A72E495463000ED7A4 /* Frameworks */ = {
			isa = PBXFrameworksBuildPhase;
			buildActionMask = 2147483647;
			files = (
				2DECDD147BE6BBD1A214EF3B /* Pods_DevDemoApp_DevDemoAppUITests.framework in Frameworks */,
			);
			runOnlyForDeploymentPostprocessing = 0;
		};
/* End PBXFrameworksBuildPhase section */

/* Begin PBXGroup section */
		1C41996DC681A0000A965CE6 /* Frameworks */ = {
			isa = PBXGroup;
			children = (
				4691D62E9C9FE62EE08FFDD4 /* Pods_DevDemoApp.framework */,
				7E775A5641A0C9133D349D42 /* Pods_DevDemoApp_DevDemoAppUITests.framework */,
				503D0C80DD8C653FE81C50FA /* Pods_DevDemoAppTests.framework */,
			);
			name = Frameworks;
			sourceTree = "<group>";
		};
		526F8362DC702FC4CEC5CFFD /* Pods */ = {
			isa = PBXGroup;
			children = (
				15E888A6F1D074BB7925C701 /* Pods-DevDemoApp.debug.xcconfig */,
				E927E0D88FAF87772BF8D280 /* Pods-DevDemoApp.release.xcconfig */,
				6102DCBEA943586DC77E154E /* Pods-DevDemoApp-DevDemoAppUITests.debug.xcconfig */,
				F985AC363D1D139810426C00 /* Pods-DevDemoApp-DevDemoAppUITests.release.xcconfig */,
				7B141DBD41B46C3C0095584C /* Pods-DevDemoAppTests.debug.xcconfig */,
				7780E7936959D245DF5B0D82 /* Pods-DevDemoAppTests.release.xcconfig */,
			);
			path = Pods;
			sourceTree = "<group>";
		};
		A54BF1812E495460000ED7A4 = {
			isa = PBXGroup;
			children = (
				A54BF18C2E495461000ED7A4 /* DevDemoApp */,
				A54BF1A32E495463000ED7A4 /* DevDemoAppTests */,
				A54BF1AD2E495463000ED7A4 /* DevDemoAppUITests */,
				A54BF18B2E495461000ED7A4 /* Products */,
				526F8362DC702FC4CEC5CFFD /* Pods */,
				1C41996DC681A0000A965CE6 /* Frameworks */,
			);
			sourceTree = "<group>";
		};
		A54BF18B2E495461000ED7A4 /* Products */ = {
			isa = PBXGroup;
			children = (
				A54BF18A2E495461000ED7A4 /* DevDemoApp.app */,
				A54BF1A02E495463000ED7A4 /* DevDemoAppTests.xctest */,
				A54BF1AA2E495463000ED7A4 /* DevDemoAppUITests.xctest */,
			);
			name = Products;
			sourceTree = "<group>";
		};
/* End PBXGroup section */

/* Begin PBXNativeTarget section */
		A54BF1892E495460000ED7A4 /* DevDemoApp */ = {
			isa = PBXNativeTarget;
			buildConfigurationList = A54BF1B32E495463000ED7A4 /* Build configuration list for PBXNativeTarget "DevDemoApp" */;
			buildPhases = (
				145D94827E6A6ADDF5666C1F /* [CP] Check Pods Manifest.lock */,
				A54BF1862E495460000ED7A4 /* Sources */,
				A54BF1872E495460000ED7A4 /* Frameworks */,
				A54BF1882E495460000ED7A4 /* Resources */,
				CDB97AB08F25C5AF56B21830 /* [CP] Embed Pods Frameworks */,
			);
			buildRules = (
			);
			dependencies = (
			);
			fileSystemSynchronizedGroups = (
				A54BF18C2E495461000ED7A4 /* DevDemoApp */,
			);
			name = DevDemoApp;
			productName = DevDemoApp;
			productReference = A54BF18A2E495461000ED7A4 /* DevDemoApp.app */;
			productType = "com.apple.product-type.application";
		};
		A54BF19F2E495463000ED7A4 /* DevDemoAppTests */ = {
			isa = PBXNativeTarget;
			buildConfigurationList = A54BF1B82E495463000ED7A4 /* Build configuration list for PBXNativeTarget "DevDemoAppTests" */;
			buildPhases = (
				91D5D93417CB40AECAC36845 /* [CP] Check Pods Manifest.lock */,
				A54BF19C2E495463000ED7A4 /* Sources */,
				A54BF19D2E495463000ED7A4 /* Frameworks */,
				A54BF19E2E495463000ED7A4 /* Resources */,
			);
			buildRules = (
			);
			dependencies = (
				A54BF1A22E495463000ED7A4 /* PBXTargetDependency */,
			);
			fileSystemSynchronizedGroups = (
				A54BF1A32E495463000ED7A4 /* DevDemoAppTests */,
			);
			name = DevDemoAppTests;
			productName = DevDemoAppTests;
			productReference = A54BF1A02E495463000ED7A4 /* DevDemoAppTests.xctest */;
			productType = "com.apple.product-type.bundle.unit-test";
		};
		A54BF1A92E495463000ED7A4 /* DevDemoAppUITests */ = {
			isa = PBXNativeTarget;
			buildConfigurationList = A54BF1BB2E495463000ED7A4 /* Build configuration list for PBXNativeTarget "DevDemoAppUITests" */;
			buildPhases = (
				FB87A048A09DF1EEEDF428B3 /* [CP] Check Pods Manifest.lock */,
				A54BF1A62E495463000ED7A4 /* Sources */,
				A54BF1A72E495463000ED7A4 /* Frameworks */,
				A54BF1A82E495463000ED7A4 /* Resources */,
				CEE889CF0310B48FC1AE95E3 /* [CP] Embed Pods Frameworks */,
			);
			buildRules = (
			);
			dependencies = (
				A54BF1AC2E495463000ED7A4 /* PBXTargetDependency */,
			);
			fileSystemSynchronizedGroups = (
				A54BF1AD2E495463000ED7A4 /* DevDemoAppUITests */,
			);
			name = DevDemoAppUITests;
			productName = DevDemoAppUITests;
			productReference = A54BF1AA2E495463000ED7A4 /* DevDemoAppUITests.xctest */;
			productType = "com.apple.product-type.bundle.ui-testing";
		};
/* End PBXNativeTarget section */

/* Begin PBXProject section */
		A54BF1822E495460000ED7A4 /* Project object */ = {
			isa = PBXProject;
			attributes = {
				BuildIndependentTargetsInParallel = 1;
				LastSwiftUpdateCheck = 1640;
				LastUpgradeCheck = 1640;
				TargetAttributes = {
					A54BF1892E495460000ED7A4 = {
						CreatedOnToolsVersion = 16.4;
					};
					A54BF19F2E495463000ED7A4 = {
						CreatedOnToolsVersion = 16.4;
						TestTargetID = A54BF1892E495460000ED7A4;
					};
					A54BF1A92E495463000ED7A4 = {
						CreatedOnToolsVersion = 16.4;
						TestTargetID = A54BF1892E495460000ED7A4;
					};
				};
			};
			buildConfigurationList = A54BF1852E495460000ED7A4 /* Build configuration list for PBXProject "DevDemoApp" */;
			developmentRegion = en;
			hasScannedForEncodings = 0;
			knownRegions = (
				en,
				Base,
			);
			mainGroup = A54BF1812E495460000ED7A4;
			minimizedProjectReferenceProxies = 1;
			preferredProjectObjectVersion = 77;
			productRefGroup = A54BF18B2E495461000ED7A4 /* Products */;
			projectDirPath = "";
			projectRoot = "";
			targets = (
				A54BF1892E495460000ED7A4 /* DevDemoApp */,
				A54BF19F2E495463000ED7A4 /* DevDemoAppTests */,
				A54BF1A92E495463000ED7A4 /* DevDemoAppUITests */,
			);
		};
/* End PBXProject section */

/* Begin PBXResourcesBuildPhase section */
		A54BF1882E495460000ED7A4 /* Resources */ = {
			isa = PBXResourcesBuildPhase;
			buildActionMask = 2147483647;
			files = (
			);
			runOnlyForDeploymentPostprocessing = 0;
		};
		A54BF19E2E495463000ED7A4 /* Resources */ = {
			isa = PBXResourcesBuildPhase;
			buildActionMask = 2147483647;
			files = (
			);
			runOnlyForDeploymentPostprocessing = 0;
		};
		A54BF1A82E495463000ED7A4 /* Resources */ = {
			isa = PBXResourcesBuildPhase;
			buildActionMask = 2147483647;
			files = (
			);
			runOnlyForDeploymentPostprocessing = 0;
		};
/* End PBXResourcesBuildPhase section */

/* Begin PBXShellScriptBuildPhase section */
		145D94827E6A6ADDF5666C1F /* [CP] Check Pods Manifest.lock */ = {
			isa = PBXShellScriptBuildPhase;
			buildActionMask = 2147483647;
			files = (
			);
			inputFileListPaths = (
			);
			inputPaths = (
				"${PODS_PODFILE_DIR_PATH}/Podfile.lock",
				"${PODS_ROOT}/Manifest.lock",
			);
			name = "[CP] Check Pods Manifest.lock";
			outputFileListPaths = (
			);
			outputPaths = (
				"$(DERIVED_FILE_DIR)/Pods-DevDemoApp-checkManifestLockResult.txt",
			);
			runOnlyForDeploymentPostprocessing = 0;
			shellPath = /bin/sh;
			shellScript = "diff \"${PODS_PODFILE_DIR_PATH}/Podfile.lock\" \"${PODS_ROOT}/Manifest.lock\" > /dev/null\nif [ $? != 0 ] ; then\n    # print error to STDERR\n    echo \"error: The sandbox is not in sync with the Podfile.lock. Run 'pod install' or update your CocoaPods installation.\" >&2\n    exit 1\nfi\n# This output is used by Xcode 'outputs' to avoid re-running this script phase.\necho \"SUCCESS\" > \"${SCRIPT_OUTPUT_FILE_0}\"\n";
			showEnvVarsInLog = 0;
		};
		91D5D93417CB40AECAC36845 /* [CP] Check Pods Manifest.lock */ = {
			isa = PBXShellScriptBuildPhase;
			buildActionMask = 2147483647;
			files = (
			);
			inputFileListPaths = (
			);
			inputPaths = (
				"${PODS_PODFILE_DIR_PATH}/Podfile.lock",
				"${PODS_ROOT}/Manifest.lock",
			);
			name = "[CP] Check Pods Manifest.lock";
			outputFileListPaths = (
			);
			outputPaths = (
				"$(DERIVED_FILE_DIR)/Pods-DevDemoAppTests-checkManifestLockResult.txt",
			);
			runOnlyForDeploymentPostprocessing = 0;
			shellPath = /bin/sh;
			shellScript = "diff \"${PODS_PODFILE_DIR_PATH}/Podfile.lock\" \"${PODS_ROOT}/Manifest.lock\" > /dev/null\nif [ $? != 0 ] ; then\n    # print error to STDERR\n    echo \"error: The sandbox is not in sync with the Podfile.lock. Run 'pod install' or update your CocoaPods installation.\" >&2\n    exit 1\nfi\n# This output is used by Xcode 'outputs' to avoid re-running this script phase.\necho \"SUCCESS\" > \"${SCRIPT_OUTPUT_FILE_0}\"\n";
			showEnvVarsInLog = 0;
		};
		CDB97AB08F25C5AF56B21830 /* [CP] Embed Pods Frameworks */ = {
			isa = PBXShellScriptBuildPhase;
			buildActionMask = 2147483647;
			files = (
			);
			inputFileListPaths = (
				"${PODS_ROOT}/Target Support Files/Pods-DevDemoApp/Pods-DevDemoApp-frameworks-${CONFIGURATION}-input-files.xcfilelist",
			);
			inputPaths = (
			);
			name = "[CP] Embed Pods Frameworks";
			outputFileListPaths = (
				"${PODS_ROOT}/Target Support Files/Pods-DevDemoApp/Pods-DevDemoApp-frameworks-${CONFIGURATION}-output-files.xcfilelist",
			);
			outputPaths = (
			);
			runOnlyForDeploymentPostprocessing = 0;
			shellPath = /bin/sh;
			shellScript = "\"${PODS_ROOT}/Target Support Files/Pods-DevDemoApp/Pods-DevDemoApp-frameworks.sh\"\n";
			showEnvVarsInLog = 0;
		};
		CEE889CF0310B48FC1AE95E3 /* [CP] Embed Pods Frameworks */ = {
			isa = PBXShellScriptBuildPhase;
			buildActionMask = 2147483647;
			files = (
			);
			inputFileListPaths = (
				"${PODS_ROOT}/Target Support Files/Pods-DevDemoApp-DevDemoAppUITests/Pods-DevDemoApp-DevDemoAppUITests-frameworks-${CONFIGURATION}-input-files.xcfilelist",
			);
			inputPaths = (
			);
			name = "[CP] Embed Pods Frameworks";
			outputFileListPaths = (
				"${PODS_ROOT}/Target Support Files/Pods-DevDemoApp-DevDemoAppUITests/Pods-DevDemoApp-DevDemoAppUITests-frameworks-${CONFIGURATION}-output-files.xcfilelist",
			);
			outputPaths = (
			);
			runOnlyForDeploymentPostprocessing = 0;
			shellPath = /bin/sh;
			shellScript = "\"${PODS_ROOT}/Target Support Files/Pods-DevDemoApp-DevDemoAppUITests/Pods-DevDemoApp-DevDemoAppUITests-frameworks.sh\"\n";
			showEnvVarsInLog = 0;
		};
		FB87A048A09DF1EEEDF428B3 /* [CP] Check Pods Manifest.lock */ = {
			isa = PBXShellScriptBuildPhase;
			buildActionMask = 2147483647;
			files = (
			);
			inputFileListPaths = (
			);
			inputPaths = (
				"${PODS_PODFILE_DIR_PATH}/Podfile.lock",
				"${PODS_ROOT}/Manifest.lock",
			);
			name = "[CP] Check Pods Manifest.lock";
			outputFileListPaths = (
			);
			outputPaths = (
				"$(DERIVED_FILE_DIR)/Pods-DevDemoApp-DevDemoAppUITests-checkManifestLockResult.txt",
			);
			runOnlyForDeploymentPostprocessing = 0;
			shellPath = /bin/sh;
			shellScript = "diff \"${PODS_PODFILE_DIR_PATH}/Podfile.lock\" \"${PODS_ROOT}/Manifest.lock\" > /dev/null\nif [ $? != 0 ] ; then\n    # print error to STDERR\n    echo \"error: The sandbox is not in sync with the Podfile.lock. Run 'pod install' or update your CocoaPods installation.\" >&2\n    exit 1\nfi\n# This output is used by Xcode 'outputs' to avoid re-running this script phase.\necho \"SUCCESS\" > \"${SCRIPT_OUTPUT_FILE_0}\"\n";
			showEnvVarsInLog = 0;
		};
/* End PBXShellScriptBuildPhase section */

/* Begin PBXSourcesBuildPhase section */
		A54BF1862E495460000ED7A4 /* Sources */ = {
			isa = PBXSourcesBuildPhase;
			buildActionMask = 2147483647;
			files = (
			);
			runOnlyForDeploymentPostprocessing = 0;
		};
		A54BF19C2E495463000ED7A4 /* Sources */ = {
			isa = PBXSourcesBuildPhase;
			buildActionMask = 2147483647;
			files = (
			);
			runOnlyForDeploymentPostprocessing = 0;
		};
		A54BF1A62E495463000ED7A4 /* Sources */ = {
			isa = PBXSourcesBuildPhase;
			buildActionMask = 2147483647;
			files = (
			);
			runOnlyForDeploymentPostprocessing = 0;
		};
/* End PBXSourcesBuildPhase section */

/* Begin PBXTargetDependency section */
		A54BF1A22E495463000ED7A4 /* PBXTargetDependency */ = {
			isa = PBXTargetDependency;
			target = A54BF1892E495460000ED7A4 /* DevDemoApp */;
			targetProxy = A54BF1A12E495463000ED7A4 /* PBXContainerItemProxy */;
		};
		A54BF1AC2E495463000ED7A4 /* PBXTargetDependency */ = {
			isa = PBXTargetDependency;
			target = A54BF1892E495460000ED7A4 /* DevDemoApp */;
			targetProxy = A54BF1AB2E495463000ED7A4 /* PBXContainerItemProxy */;
		};
/* End PBXTargetDependency section */

/* Begin XCBuildConfiguration section */
		A54BF1B42E495463000ED7A4 /* Debug */ = {
			isa = XCBuildConfiguration;
			baseConfigurationReference = 15E888A6F1D074BB7925C701 /* Pods-DevDemoApp.debug.xcconfig */;
			buildSettings = {
				ASSETCATALOG_COMPILER_APPICON_NAME = AppIcon;
				ASSETCATALOG_COMPILER_GLOBAL_ACCENT_COLOR_NAME = AccentColor;
				CODE_SIGN_STYLE = Automatic;
				CURRENT_PROJECT_VERSION = 1;
				DEVELOPMENT_TEAM = NM6C538Y8C;
				ENABLE_USER_SCRIPT_SANDBOXING = NO;
				GENERATE_INFOPLIST_FILE = YES;
				INFOPLIST_FILE = DevDemoApp/Info.plist;
				INFOPLIST_KEY_UIApplicationSupportsIndirectInputEvents = YES;
				INFOPLIST_KEY_UILaunchStoryboardName = LaunchScreen;
				INFOPLIST_KEY_UIMainStoryboardFile = "";
				INFOPLIST_KEY_UISupportedInterfaceOrientations_iPad = "UIInterfaceOrientationPortrait UIInterfaceOrientationPortraitUpsideDown UIInterfaceOrientationLandscapeLeft UIInterfaceOrientationLandscapeRight";
				INFOPLIST_KEY_UISupportedInterfaceOrientations_iPhone = "UIInterfaceOrientationPortrait UIInterfaceOrientationLandscapeLeft UIInterfaceOrientationLandscapeRight";
				LD_RUNPATH_SEARCH_PATHS = (
					"$(inherited)",
					"@executable_path/Frameworks",
				);
				MARKETING_VERSION = 1.0;
				PRODUCT_BUNDLE_IDENTIFIER = com.collectivemindsinc.DevDemoApp;
				PRODUCT_NAME = "$(TARGET_NAME)";
				SWIFT_EMIT_LOC_STRINGS = YES;
				SWIFT_VERSION = 5.0;
				TARGETED_DEVICE_FAMILY = "1,2";
			};
			name = Debug;
		};
		A54BF1B52E495463000ED7A4 /* Release */ = {
			isa = XCBuildConfiguration;
			baseConfigurationReference = E927E0D88FAF87772BF8D280 /* Pods-DevDemoApp.release.xcconfig */;
			buildSettings = {
				ASSETCATALOG_COMPILER_APPICON_NAME = AppIcon;
				ASSETCATALOG_COMPILER_GLOBAL_ACCENT_COLOR_NAME = AccentColor;
				CODE_SIGN_STYLE = Automatic;
				CURRENT_PROJECT_VERSION = 1;
				DEVELOPMENT_TEAM = NM6C538Y8C;
				ENABLE_USER_SCRIPT_SANDBOXING = NO;
				GENERATE_INFOPLIST_FILE = YES;
				INFOPLIST_FILE = DevDemoApp/Info.plist;
				INFOPLIST_KEY_UIApplicationSupportsIndirectInputEvents = YES;
				INFOPLIST_KEY_UILaunchStoryboardName = LaunchScreen;
				INFOPLIST_KEY_UIMainStoryboardFile = "";
				INFOPLIST_KEY_UISupportedInterfaceOrientations_iPad = "UIInterfaceOrientationPortrait UIInterfaceOrientationPortraitUpsideDown UIInterfaceOrientationLandscapeLeft UIInterfaceOrientationLandscapeRight";
				INFOPLIST_KEY_UISupportedInterfaceOrientations_iPhone = "UIInterfaceOrientationPortrait UIInterfaceOrientationLandscapeLeft UIInterfaceOrientationLandscapeRight";
				LD_RUNPATH_SEARCH_PATHS = (
					"$(inherited)",
					"@executable_path/Frameworks",
				);
				MARKETING_VERSION = 1.0;
				PRODUCT_BUNDLE_IDENTIFIER = com.collectivemindsinc.DevDemoApp;
				PRODUCT_NAME = "$(TARGET_NAME)";
				SWIFT_EMIT_LOC_STRINGS = YES;
				SWIFT_VERSION = 5.0;
				TARGETED_DEVICE_FAMILY = "1,2";
			};
			name = Release;
		};
		A54BF1B62E495463000ED7A4 /* Debug */ = {
			isa = XCBuildConfiguration;
			buildSettings = {
				ALWAYS_SEARCH_USER_PATHS = NO;
				ASSETCATALOG_COMPILER_GENERATE_SWIFT_ASSET_SYMBOL_EXTENSIONS = YES;
				CLANG_ANALYZER_NONNULL = YES;
				CLANG_ANALYZER_NUMBER_OBJECT_CONVERSION = YES_AGGRESSIVE;
				CLANG_CXX_LANGUAGE_STANDARD = "gnu++20";
				CLANG_ENABLE_MODULES = YES;
				CLANG_ENABLE_OBJC_ARC = YES;
				CLANG_ENABLE_OBJC_WEAK = YES;
				CLANG_WARN_BLOCK_CAPTURE_AUTORELEASING = YES;
				CLANG_WARN_BOOL_CONVERSION = YES;
				CLANG_WARN_COMMA = YES;
				CLANG_WARN_CONSTANT_CONVERSION = YES;
				CLANG_WARN_DEPRECATED_OBJC_IMPLEMENTATIONS = YES;
				CLANG_WARN_DIRECT_OBJC_ISA_USAGE = YES_ERROR;
				CLANG_WARN_DOCUMENTATION_COMMENTS = YES;
				CLANG_WARN_EMPTY_BODY = YES;
				CLANG_WARN_ENUM_CONVERSION = YES;
				CLANG_WARN_INFINITE_RECURSION = YES;
				CLANG_WARN_INT_CONVERSION = YES;
				CLANG_WARN_NON_LITERAL_NULL_CONVERSION = YES;
				CLANG_WARN_OBJC_IMPLICIT_RETAIN_SELF = YES;
				CLANG_WARN_OBJC_LITERAL_CONVERSION = YES;
				CLANG_WARN_OBJC_ROOT_CLASS = YES_ERROR;
				CLANG_WARN_QUOTED_INCLUDE_IN_FRAMEWORK_HEADER = YES;
				CLANG_WARN_RANGE_LOOP_ANALYSIS = YES;
				CLANG_WARN_STRICT_PROTOTYPES = YES;
				CLANG_WARN_SUSPICIOUS_MOVE = YES;
				CLANG_WARN_UNGUARDED_AVAILABILITY = YES_AGGRESSIVE;
				CLANG_WARN_UNREACHABLE_CODE = YES;
				CLANG_WARN__DUPLICATE_METHOD_MATCH = YES;
				COPY_PHASE_STRIP = NO;
				DEBUG_INFORMATION_FORMAT = dwarf;
				DEVELOPMENT_TEAM = NM6C538Y8C;
				ENABLE_STRICT_OBJC_MSGSEND = YES;
				ENABLE_TESTABILITY = YES;
				ENABLE_USER_SCRIPT_SANDBOXING = YES;
				GCC_C_LANGUAGE_STANDARD = gnu17;
				GCC_DYNAMIC_NO_PIC = NO;
				GCC_NO_COMMON_BLOCKS = YES;
				GCC_OPTIMIZATION_LEVEL = 0;
				GCC_PREPROCESSOR_DEFINITIONS = (
					"DEBUG=1",
					"$(inherited)",
				);
				GCC_WARN_64_TO_32_BIT_CONVERSION = YES;
				GCC_WARN_ABOUT_RETURN_TYPE = YES_ERROR;
				GCC_WARN_UNDECLARED_SELECTOR = YES;
				GCC_WARN_UNINITIALIZED_AUTOS = YES_AGGRESSIVE;
				GCC_WARN_UNUSED_FUNCTION = YES;
				GCC_WARN_UNUSED_VARIABLE = YES;
				IPHONEOS_DEPLOYMENT_TARGET = 18.5;
				LOCALIZATION_PREFERS_STRING_CATALOGS = YES;
				MTL_ENABLE_DEBUG_INFO = INCLUDE_SOURCE;
				MTL_FAST_MATH = YES;
				ONLY_ACTIVE_ARCH = YES;
				SDKROOT = iphoneos;
				SWIFT_ACTIVE_COMPILATION_CONDITIONS = "DEBUG $(inherited)";
				SWIFT_OPTIMIZATION_LEVEL = "-Onone";
			};
			name = Debug;
		};
		A54BF1B72E495463000ED7A4 /* Release */ = {
			isa = XCBuildConfiguration;
			buildSettings = {
				ALWAYS_SEARCH_USER_PATHS = NO;
				ASSETCATALOG_COMPILER_GENERATE_SWIFT_ASSET_SYMBOL_EXTENSIONS = YES;
				CLANG_ANALYZER_NONNULL = YES;
				CLANG_ANALYZER_NUMBER_OBJECT_CONVERSION = YES_AGGRESSIVE;
				CLANG_CXX_LANGUAGE_STANDARD = "gnu++20";
				CLANG_ENABLE_MODULES = YES;
				CLANG_ENABLE_OBJC_ARC = YES;
				CLANG_ENABLE_OBJC_WEAK = YES;
				CLANG_WARN_BLOCK_CAPTURE_AUTORELEASING = YES;
				CLANG_WARN_BOOL_CONVERSION = YES;
				CLANG_WARN_COMMA = YES;
				CLANG_WARN_CONSTANT_CONVERSION = YES;
				CLANG_WARN_DEPRECATED_OBJC_IMPLEMENTATIONS = YES;
				CLANG_WARN_DIRECT_OBJC_ISA_USAGE = YES_ERROR;
				CLANG_WARN_DOCUMENTATION_COMMENTS = YES;
				CLANG_WARN_EMPTY_BODY = YES;
				CLANG_WARN_ENUM_CONVERSION = YES;
				CLANG_WARN_INFINITE_RECURSION = YES;
				CLANG_WARN_INT_CONVERSION = YES;
				CLANG_WARN_NON_LITERAL_NULL_CONVERSION = YES;
				CLANG_WARN_OBJC_IMPLICIT_RETAIN_SELF = YES;
				CLANG_WARN_OBJC_LITERAL_CONVERSION = YES;
				CLANG_WARN_OBJC_ROOT_CLASS = YES_ERROR;
				CLANG_WARN_QUOTED_INCLUDE_IN_FRAMEWORK_HEADER = YES;
				CLANG_WARN_RANGE_LOOP_ANALYSIS = YES;
				CLANG_WARN_STRICT_PROTOTYPES = YES;
				CLANG_WARN_SUSPICIOUS_MOVE = YES;
				CLANG_WARN_UNGUARDED_AVAILABILITY = YES_AGGRESSIVE;
				CLANG_WARN_UNREACHABLE_CODE = YES;
				CLANG_WARN__DUPLICATE_METHOD_MATCH = YES;
				COPY_PHASE_STRIP = NO;
				DEBUG_INFORMATION_FORMAT = "dwarf-with-dsym";
				DEVELOPMENT_TEAM = NM6C538Y8C;
				ENABLE_NS_ASSERTIONS = NO;
				ENABLE_STRICT_OBJC_MSGSEND = YES;
				ENABLE_USER_SCRIPT_SANDBOXING = YES;
				GCC_C_LANGUAGE_STANDARD = gnu17;
				GCC_NO_COMMON_BLOCKS = YES;
				GCC_WARN_64_TO_32_BIT_CONVERSION = YES;
				GCC_WARN_ABOUT_RETURN_TYPE = YES_ERROR;
				GCC_WARN_UNDECLARED_SELECTOR = YES;
				GCC_WARN_UNINITIALIZED_AUTOS = YES_AGGRESSIVE;
				GCC_WARN_UNUSED_FUNCTION = YES;
				GCC_WARN_UNUSED_VARIABLE = YES;
				IPHONEOS_DEPLOYMENT_TARGET = 18.5;
				LOCALIZATION_PREFERS_STRING_CATALOGS = YES;
				MTL_ENABLE_DEBUG_INFO = NO;
				MTL_FAST_MATH = YES;
				SDKROOT = iphoneos;
				SWIFT_COMPILATION_MODE = wholemodule;
				VALIDATE_PRODUCT = YES;
			};
			name = Release;
		};
		A54BF1B92E495463000ED7A4 /* Debug */ = {
			isa = XCBuildConfiguration;
			baseConfigurationReference = 7B141DBD41B46C3C0095584C /* Pods-DevDemoAppTests.debug.xcconfig */;
			buildSettings = {
				BUNDLE_LOADER = "$(TEST_HOST)";
				CODE_SIGN_STYLE = Automatic;
				CURRENT_PROJECT_VERSION = 1;
				DEVELOPMENT_TEAM = NM6C538Y8C;
				GENERATE_INFOPLIST_FILE = YES;
				IPHONEOS_DEPLOYMENT_TARGET = 18.5;
				MARKETING_VERSION = 1.0;
				PRODUCT_BUNDLE_IDENTIFIER = com.collectivemindsinc.DevDemoAppTests;
				PRODUCT_NAME = "$(TARGET_NAME)";
				SWIFT_EMIT_LOC_STRINGS = NO;
				SWIFT_VERSION = 5.0;
				TARGETED_DEVICE_FAMILY = "1,2";
				TEST_HOST = "$(BUILT_PRODUCTS_DIR)/DevDemoApp.app/$(BUNDLE_EXECUTABLE_FOLDER_PATH)/DevDemoApp";
			};
			name = Debug;
		};
		A54BF1BA2E495463000ED7A4 /* Release */ = {
			isa = XCBuildConfiguration;
			baseConfigurationReference = 7780E7936959D245DF5B0D82 /* Pods-DevDemoAppTests.release.xcconfig */;
			buildSettings = {
				BUNDLE_LOADER = "$(TEST_HOST)";
				CODE_SIGN_STYLE = Automatic;
				CURRENT_PROJECT_VERSION = 1;
				DEVELOPMENT_TEAM = NM6C538Y8C;
				GENERATE_INFOPLIST_FILE = YES;
				IPHONEOS_DEPLOYMENT_TARGET = 18.5;
				MARKETING_VERSION = 1.0;
				PRODUCT_BUNDLE_IDENTIFIER = com.collectivemindsinc.DevDemoAppTests;
				PRODUCT_NAME = "$(TARGET_NAME)";
				SWIFT_EMIT_LOC_STRINGS = NO;
				SWIFT_VERSION = 5.0;
				TARGETED_DEVICE_FAMILY = "1,2";
				TEST_HOST = "$(BUILT_PRODUCTS_DIR)/DevDemoApp.app/$(BUNDLE_EXECUTABLE_FOLDER_PATH)/DevDemoApp";
			};
			name = Release;
		};
		A54BF1BC2E495463000ED7A4 /* Debug */ = {
			isa = XCBuildConfiguration;
			baseConfigurationReference = 6102DCBEA943586DC77E154E /* Pods-DevDemoApp-DevDemoAppUITests.debug.xcconfig */;
			buildSettings = {
				CODE_SIGN_STYLE = Automatic;
				CURRENT_PROJECT_VERSION = 1;
				DEVELOPMENT_TEAM = NM6C538Y8C;
				GENERATE_INFOPLIST_FILE = YES;
				MARKETING_VERSION = 1.0;
				PRODUCT_BUNDLE_IDENTIFIER = com.collectivemindsinc.DevDemoAppUITests;
				PRODUCT_NAME = "$(TARGET_NAME)";
				SWIFT_EMIT_LOC_STRINGS = NO;
				SWIFT_VERSION = 5.0;
				TARGETED_DEVICE_FAMILY = "1,2";
				TEST_TARGET_NAME = DevDemoApp;
			};
			name = Debug;
		};
		A54BF1BD2E495463000ED7A4 /* Release */ = {
			isa = XCBuildConfiguration;
			baseConfigurationReference = F985AC363D1D139810426C00 /* Pods-DevDemoApp-DevDemoAppUITests.release.xcconfig */;
			buildSettings = {
				CODE_SIGN_STYLE = Automatic;
				CURRENT_PROJECT_VERSION = 1;
				DEVELOPMENT_TEAM = NM6C538Y8C;
				GENERATE_INFOPLIST_FILE = YES;
				MARKETING_VERSION = 1.0;
				PRODUCT_BUNDLE_IDENTIFIER = com.collectivemindsinc.DevDemoAppUITests;
				PRODUCT_NAME = "$(TARGET_NAME)";
				SWIFT_EMIT_LOC_STRINGS = NO;
				SWIFT_VERSION = 5.0;
				TARGETED_DEVICE_FAMILY = "1,2";
				TEST_TARGET_NAME = DevDemoApp;
			};
			name = Release;
		};
/* End XCBuildConfiguration section */

/* Begin XCConfigurationList section */
		A54BF1852E495460000ED7A4 /* Build configuration list for PBXProject "DevDemoApp" */ = {
			isa = XCConfigurationList;
			buildConfigurations = (
				A54BF1B62E495463000ED7A4 /* Debug */,
				A54BF1B72E495463000ED7A4 /* Release */,
			);
			defaultConfigurationIsVisible = 0;
			defaultConfigurationName = Release;
		};
		A54BF1B32E495463000ED7A4 /* Build configuration list for PBXNativeTarget "DevDemoApp" */ = {
			isa = XCConfigurationList;
			buildConfigurations = (
				A54BF1B42E495463000ED7A4 /* Debug */,
				A54BF1B52E495463000ED7A4 /* Release */,
			);
			defaultConfigurationIsVisible = 0;
			defaultConfigurationName = Release;
		};
		A54BF1B82E495463000ED7A4 /* Build configuration list for PBXNativeTarget "DevDemoAppTests" */ = {
			isa = XCConfigurationList;
			buildConfigurations = (
				A54BF1B92E495463000ED7A4 /* Debug */,
				A54BF1BA2E495463000ED7A4 /* Release */,
			);
			defaultConfigurationIsVisible = 0;
			defaultConfigurationName = Release;
		};
		A54BF1BB2E495463000ED7A4 /* Build configuration list for PBXNativeTarget "DevDemoAppUITests" */ = {
			isa = XCConfigurationList;
			buildConfigurations = (
				A54BF1BC2E495463000ED7A4 /* Debug */,
				A54BF1BD2E495463000ED7A4 /* Release */,
			);
			defaultConfigurationIsVisible = 0;
			defaultConfigurationName = Release;
		};
/* End XCConfigurationList section */
	};
	rootObject = A54BF1822E495460000ED7A4 /* Project object */;
}
